
Microsoft Visual Studio Solution File, Format Version 12.00
# Visual Studio Version 17
VisualStudioVersion = 17.1.32319.34
MinimumVisualStudioVersion = 10.0.40219.1
Project("{FAE04EC0-301F-11D3-BF4B-00C04F79EFBC}") = "arduino", "arduino.csproj", "{0B0E548F-3FAB-4610-99E9-C8C7EEB326DA}"
EndProject
Global
	GlobalSection(SolutionConfigurationPlatforms) = preSolution
		Debug|Any CPU = Debug|Any CPU
		Release|Any CPU = Release|Any CPU
	EndGlobalSection
	GlobalSection(ProjectConfigurationPlatforms) = postSolution
		{0B0E548F-3FAB-4610-99E9-C8C7EEB326DA}.Debug|Any CPU.ActiveCfg = Debug|Any CPU
		{0B0E548F-3FAB-4610-99E9-C8C7EEB326DA}.Debug|Any CPU.Build.0 = Debug|Any CPU
		{0B0E548F-3FAB-4610-99E9-C8C7EEB326DA}.Release|Any CPU.ActiveCfg = Release|Any CPU
		{0B0E548F-3FAB-4610-99E9-C8C7EEB326DA}.Release|Any CPU.Build.0 = Release|Any CPU
	EndGlobalSection
	GlobalSection(SolutionProperties) = preSolution
		HideSolutionNode = FALSE
	EndGlobalSection
	GlobalSection(ExtensibilityGlobals) = postSolution
		SolutionGuid = {3324EBD8-6804-4E3D-BC74-630C4304DD8B}
	EndGlobalSection
EndGlobal
