
Microsoft Visual Studio Solution File, Format Version 12.00
# Visual Studio Version 17
VisualStudioVersion = 17.1.32319.34
MinimumVisualStudioVersion = 10.0.40219.1
Project("{FAE04EC0-301F-11D3-BF4B-00C04F79EFBC}") = "CadastroCliente", "CadastroCliente.csproj", "{F5D78A80-967D-4877-91A6-D149616ACC24}"
EndProject
Global
	GlobalSection(SolutionConfigurationPlatforms) = preSolution
		Debug|Any CPU = Debug|Any CPU
		Release|Any CPU = Release|Any CPU
	EndGlobalSection
	GlobalSection(ProjectConfigurationPlatforms) = postSolution
		{F5D78A80-967D-4877-91A6-D149616ACC24}.Debug|Any CPU.ActiveCfg = Debug|Any CPU
		{F5D78A80-967D-4877-91A6-D149616ACC24}.Debug|Any CPU.Build.0 = Debug|Any CPU
		{F5D78A80-967D-4877-91A6-D149616ACC24}.Release|Any CPU.ActiveCfg = Release|Any CPU
		{F5D78A80-967D-4877-91A6-D149616ACC24}.Release|Any CPU.Build.0 = Release|Any CPU
	EndGlobalSection
	GlobalSection(SolutionProperties) = preSolution
		HideSolutionNode = FALSE
	EndGlobalSection
	GlobalSection(ExtensibilityGlobals) = postSolution
		SolutionGuid = {1A026DB6-C33C-49CB-BDBF-4AD7C6F6C472}
	EndGlobalSection
EndGlobal
