
Microsoft Visual Studio Solution File, Format Version 12.00
# Visual Studio Version 17
VisualStudioVersion = 17.1.32421.90
MinimumVisualStudioVersion = 10.0.40219.1
Project("{FAE04EC0-301F-11D3-BF4B-00C04F79EFBC}") = "PrimeiraApp", "PrimeiraApp.csproj", "{97E40A13-C500-41B5-9D3E-36B060A9D222}"
EndProject
Global
	GlobalSection(SolutionConfigurationPlatforms) = preSolution
		Debug|Any CPU = Debug|Any CPU
		Release|Any CPU = Release|Any CPU
	EndGlobalSection
	GlobalSection(ProjectConfigurationPlatforms) = postSolution
		{97E40A13-C500-41B5-9D3E-36B060A9D222}.Debug|Any CPU.ActiveCfg = Debug|Any CPU
		{97E40A13-C500-41B5-9D3E-36B060A9D222}.Debug|Any CPU.Build.0 = Debug|Any CPU
		{97E40A13-C500-41B5-9D3E-36B060A9D222}.Debug|Any CPU.Deploy.0 = Debug|Any CPU
		{97E40A13-C500-41B5-9D3E-36B060A9D222}.Release|Any CPU.ActiveCfg = Release|Any CPU
		{97E40A13-C500-41B5-9D3E-36B060A9D222}.Release|Any CPU.Build.0 = Release|Any CPU
		{97E40A13-C500-41B5-9D3E-36B060A9D222}.Release|Any CPU.Deploy.0 = Release|Any CPU
	EndGlobalSection
	GlobalSection(SolutionProperties) = preSolution
		HideSolutionNode = FALSE
	EndGlobalSection
	GlobalSection(ExtensibilityGlobals) = postSolution
		SolutionGuid = {57F02273-1A24-4045-9B2B-B2391A5A3417}
	EndGlobalSection
EndGlobal
