
Microsoft Visual Studio Solution File, Format Version 12.00
# Visual Studio Version 17
VisualStudioVersion = 17.1.32319.34
MinimumVisualStudioVersion = 10.0.40219.1
Project("{FAE04EC0-301F-11D3-BF4B-00C04F79EFBC}") = "MatriculaDeAluno", "MatriculaDeAluno\MatriculaDeAluno.csproj", "{176F00F9-2103-4873-A0C0-875600BA7093}"
EndProject
Project("{FAE04EC0-301F-11D3-BF4B-00C04F79EFBC}") = "CalculoPesoIdeal", "CalculoPesoIdeal\CalculoPesoIdeal.csproj", "{4B4EB3AB-680F-4F8B-9E5E-90B3AE8247B1}"
EndProject
Project("{FAE04EC0-301F-11D3-BF4B-00C04F79EFBC}") = "CalculoDeSalario", "CalculoDeSalario\CalculoDeSalario.csproj", "{D281C20A-F032-4842-ACA5-968FA35DD422}"
EndProject
Project("{FAE04EC0-301F-11D3-BF4B-00C04F79EFBC}") = "ConsumoDeEnergiaDeUmCondominio", "ConsumoDeEnergiaDeUmCondominio\ConsumoDeEnergiaDeUmCondominio.csproj", "{340BA4BA-6D34-4CDB-A120-7CF1185CDCAB}"
EndProject
Global
	GlobalSection(SolutionConfigurationPlatforms) = preSolution
		Debug|Any CPU = Debug|Any CPU
		Release|Any CPU = Release|Any CPU
	EndGlobalSection
	GlobalSection(ProjectConfigurationPlatforms) = postSolution
		{176F00F9-2103-4873-A0C0-875600BA7093}.Debug|Any CPU.ActiveCfg = Debug|Any CPU
		{176F00F9-2103-4873-A0C0-875600BA7093}.Debug|Any CPU.Build.0 = Debug|Any CPU
		{176F00F9-2103-4873-A0C0-875600BA7093}.Release|Any CPU.ActiveCfg = Release|Any CPU
		{176F00F9-2103-4873-A0C0-875600BA7093}.Release|Any CPU.Build.0 = Release|Any CPU
		{4B4EB3AB-680F-4F8B-9E5E-90B3AE8247B1}.Debug|Any CPU.ActiveCfg = Debug|Any CPU
		{4B4EB3AB-680F-4F8B-9E5E-90B3AE8247B1}.Debug|Any CPU.Build.0 = Debug|Any CPU
		{4B4EB3AB-680F-4F8B-9E5E-90B3AE8247B1}.Release|Any CPU.ActiveCfg = Release|Any CPU
		{4B4EB3AB-680F-4F8B-9E5E-90B3AE8247B1}.Release|Any CPU.Build.0 = Release|Any CPU
		{D281C20A-F032-4842-ACA5-968FA35DD422}.Debug|Any CPU.ActiveCfg = Debug|Any CPU
		{D281C20A-F032-4842-ACA5-968FA35DD422}.Debug|Any CPU.Build.0 = Debug|Any CPU
		{D281C20A-F032-4842-ACA5-968FA35DD422}.Release|Any CPU.ActiveCfg = Release|Any CPU
		{D281C20A-F032-4842-ACA5-968FA35DD422}.Release|Any CPU.Build.0 = Release|Any CPU
		{340BA4BA-6D34-4CDB-A120-7CF1185CDCAB}.Debug|Any CPU.ActiveCfg = Debug|Any CPU
		{340BA4BA-6D34-4CDB-A120-7CF1185CDCAB}.Debug|Any CPU.Build.0 = Debug|Any CPU
		{340BA4BA-6D34-4CDB-A120-7CF1185CDCAB}.Release|Any CPU.ActiveCfg = Release|Any CPU
		{340BA4BA-6D34-4CDB-A120-7CF1185CDCAB}.Release|Any CPU.Build.0 = Release|Any CPU
	EndGlobalSection
	GlobalSection(SolutionProperties) = preSolution
		HideSolutionNode = FALSE
	EndGlobalSection
	GlobalSection(ExtensibilityGlobals) = postSolution
		SolutionGuid = {63C61FB8-CCBA-4B9D-B330-889A1E7E4FDB}
	EndGlobalSection
EndGlobal
