
Microsoft Visual Studio Solution File, Format Version 12.00
# Visual Studio Version 17
VisualStudioVersion = 17.0.31808.319
MinimumVisualStudioVersion = 10.0.40219.1
Project("{9A19103F-16F7-4668-BE54-9A1E7A4F7556}") = "RestoDaDivisao", "TrocaDeValores\RestoDaDivisao.csproj", "{2ACF0403-C24F-481A-A750-CB6A6F815215}"
EndProject
Global
	GlobalSection(SolutionConfigurationPlatforms) = preSolution
		Debug|Any CPU = Debug|Any CPU
		Release|Any CPU = Release|Any CPU
	EndGlobalSection
	GlobalSection(ProjectConfigurationPlatforms) = postSolution
		{2ACF0403-C24F-481A-A750-CB6A6F815215}.Debug|Any CPU.ActiveCfg = Debug|Any CPU
		{2ACF0403-C24F-481A-A750-CB6A6F815215}.Debug|Any CPU.Build.0 = Debug|Any CPU
		{2ACF0403-C24F-481A-A750-CB6A6F815215}.Release|Any CPU.ActiveCfg = Release|Any CPU
		{2ACF0403-C24F-481A-A750-CB6A6F815215}.Release|Any CPU.Build.0 = Release|Any CPU
	EndGlobalSection
	GlobalSection(SolutionProperties) = preSolution
		HideSolutionNode = FALSE
	EndGlobalSection
	GlobalSection(ExtensibilityGlobals) = postSolution
		SolutionGuid = {8F3D221D-92B5-43CC-BF24-67B056364720}
	EndGlobalSection
EndGlobal
