
Microsoft Visual Studio Solution File, Format Version 12.00
# Visual Studio Version 17
VisualStudioVersion = 17.1.32421.90
MinimumVisualStudioVersion = 10.0.40219.1
Project("{FAE04EC0-301F-11D3-BF4B-00C04F79EFBC}") = "NavegationIntent", "NavegationIntent.csproj", "{F345A111-BD02-438A-903F-F358246CDBCB}"
EndProject
Global
	GlobalSection(SolutionConfigurationPlatforms) = preSolution
		Debug|Any CPU = Debug|Any CPU
		Release|Any CPU = Release|Any CPU
	EndGlobalSection
	GlobalSection(ProjectConfigurationPlatforms) = postSolution
		{F345A111-BD02-438A-903F-F358246CDBCB}.Debug|Any CPU.ActiveCfg = Debug|Any CPU
		{F345A111-BD02-438A-903F-F358246CDBCB}.Debug|Any CPU.Build.0 = Debug|Any CPU
		{F345A111-BD02-438A-903F-F358246CDBCB}.Debug|Any CPU.Deploy.0 = Debug|Any CPU
		{F345A111-BD02-438A-903F-F358246CDBCB}.Release|Any CPU.ActiveCfg = Release|Any CPU
		{F345A111-BD02-438A-903F-F358246CDBCB}.Release|Any CPU.Build.0 = Release|Any CPU
		{F345A111-BD02-438A-903F-F358246CDBCB}.Release|Any CPU.Deploy.0 = Release|Any CPU
	EndGlobalSection
	GlobalSection(SolutionProperties) = preSolution
		HideSolutionNode = FALSE
	EndGlobalSection
	GlobalSection(ExtensibilityGlobals) = postSolution
		SolutionGuid = {34763384-2AD5-4E66-A097-6E62E32773FE}
	EndGlobalSection
EndGlobal
